
Microsoft Visual Studio Solution File, Format Version 12.00
# Visual Studio 15
VisualStudioVersion = 15.0.28307.421
MinimumVisualStudioVersion = 10.0.40219.1
Project("{FAE04EC0-301F-11D3-BF4B-00C04F79EFBC}") = "PerceptronSequence", "PerceptronSequence\PerceptronSequence.csproj", "{7D3FC979-493E-4C20-BBDA-75D913301F1E}"
EndProject
Global
	GlobalSection(SolutionConfigurationPlatforms) = preSolution
		Debug|Any CPU = Debug|Any CPU
		Release|Any CPU = Release|Any CPU
	EndGlobalSection
	GlobalSection(ProjectConfigurationPlatforms) = postSolution
		{7D3FC979-493E-4C20-BBDA-75D913301F1E}.Debug|Any CPU.ActiveCfg = Debug|Any CPU
		{7D3FC979-493E-4C20-BBDA-75D913301F1E}.Debug|Any CPU.Build.0 = Debug|Any CPU
		{7D3FC979-493E-4C20-BBDA-75D913301F1E}.Release|Any CPU.ActiveCfg = Release|Any CPU
		{7D3FC979-493E-4C20-BBDA-75D913301F1E}.Release|Any CPU.Build.0 = Release|Any CPU
	EndGlobalSection
	GlobalSection(SolutionProperties) = preSolution
		HideSolutionNode = FALSE
	EndGlobalSection
	GlobalSection(ExtensibilityGlobals) = postSolution
		SolutionGuid = {B212606A-E310-4880-BCEE-4627F16B4C94}
	EndGlobalSection
EndGlobal
